
Microsoft Visual Studio Solution File, Format Version 12.00
# Visual Studio 2013
VisualStudioVersion = 12.0.40629.0
MinimumVisualStudioVersion = 10.0.40219.1
Project("{FAE04EC0-301F-11D3-BF4B-00C04F79EFBC}") = "PTMSController", "PTMSController\PTMSController.csproj", "{74A23168-3A1A-481A-8DA2-9931A02A7501}"
EndProject
Project("{FAE04EC0-301F-11D3-BF4B-00C04F79EFBC}") = "PTMSClientService", "PTMSClientService\PTMSClientService.csproj", "{E41E4156-7C30-4974-9CB7-B4D1E6785A78}"
EndProject
Project("{FAE04EC0-301F-11D3-BF4B-00C04F79EFBC}") = "PTMS.Core", "..\PTMS.Core\PTMS.Core.csproj", "{5ACB10B1-C06A-4A48-887F-C5E9140580A9}"
EndProject
Project("{6141683F-8A12-4E36-9623-2EB02B2C2303}") = "PTMSInstaller", "PTMSInstaller\PTMSInstaller.isproj", "{84DABC48-912B-4831-AA25-CFA47D17A336}"
	ProjectSection(ProjectDependencies) = postProject
		{E41E4156-7C30-4974-9CB7-B4D1E6785A78} = {E41E4156-7C30-4974-9CB7-B4D1E6785A78}
		{74A23168-3A1A-481A-8DA2-9931A02A7501} = {74A23168-3A1A-481A-8DA2-9931A02A7501}
		{5ACB10B1-C06A-4A48-887F-C5E9140580A9} = {5ACB10B1-C06A-4A48-887F-C5E9140580A9}
	EndProjectSection
EndProject
Project("{FAE04EC0-301F-11D3-BF4B-00C04F79EFBC}") = "PTMS.GenerateKey", "PTMS.GenerateKey\PTMS.GenerateKey.csproj", "{E04AADF4-AF18-4C2B-94E5-703BDF624833}"
EndProject
Global
	GlobalSection(SolutionConfigurationPlatforms) = preSolution
		CD_ROM|Any CPU = CD_ROM|Any CPU
		Debug|Any CPU = Debug|Any CPU
		DVD-5|Any CPU = DVD-5|Any CPU
		Release|Any CPU = Release|Any CPU
		SingleImage|Any CPU = SingleImage|Any CPU
	EndGlobalSection
	GlobalSection(ProjectConfigurationPlatforms) = postSolution
		{74A23168-3A1A-481A-8DA2-9931A02A7501}.CD_ROM|Any CPU.ActiveCfg = Release|Any CPU
		{74A23168-3A1A-481A-8DA2-9931A02A7501}.CD_ROM|Any CPU.Build.0 = Release|Any CPU
		{74A23168-3A1A-481A-8DA2-9931A02A7501}.Debug|Any CPU.ActiveCfg = Debug|Any CPU
		{74A23168-3A1A-481A-8DA2-9931A02A7501}.Debug|Any CPU.Build.0 = Debug|Any CPU
		{74A23168-3A1A-481A-8DA2-9931A02A7501}.DVD-5|Any CPU.ActiveCfg = Debug|Any CPU
		{74A23168-3A1A-481A-8DA2-9931A02A7501}.DVD-5|Any CPU.Build.0 = Debug|Any CPU
		{74A23168-3A1A-481A-8DA2-9931A02A7501}.Release|Any CPU.ActiveCfg = Release|Any CPU
		{74A23168-3A1A-481A-8DA2-9931A02A7501}.Release|Any CPU.Build.0 = Release|Any CPU
		{74A23168-3A1A-481A-8DA2-9931A02A7501}.SingleImage|Any CPU.ActiveCfg = Release|Any CPU
		{74A23168-3A1A-481A-8DA2-9931A02A7501}.SingleImage|Any CPU.Build.0 = Release|Any CPU
		{E41E4156-7C30-4974-9CB7-B4D1E6785A78}.CD_ROM|Any CPU.ActiveCfg = Release|Any CPU
		{E41E4156-7C30-4974-9CB7-B4D1E6785A78}.CD_ROM|Any CPU.Build.0 = Release|Any CPU
		{E41E4156-7C30-4974-9CB7-B4D1E6785A78}.Debug|Any CPU.ActiveCfg = Debug|Any CPU
		{E41E4156-7C30-4974-9CB7-B4D1E6785A78}.Debug|Any CPU.Build.0 = Debug|Any CPU
		{E41E4156-7C30-4974-9CB7-B4D1E6785A78}.DVD-5|Any CPU.ActiveCfg = Debug|Any CPU
		{E41E4156-7C30-4974-9CB7-B4D1E6785A78}.DVD-5|Any CPU.Build.0 = Debug|Any CPU
		{E41E4156-7C30-4974-9CB7-B4D1E6785A78}.Release|Any CPU.ActiveCfg = Release|Any CPU
		{E41E4156-7C30-4974-9CB7-B4D1E6785A78}.Release|Any CPU.Build.0 = Release|Any CPU
		{E41E4156-7C30-4974-9CB7-B4D1E6785A78}.SingleImage|Any CPU.ActiveCfg = Release|Any CPU
		{E41E4156-7C30-4974-9CB7-B4D1E6785A78}.SingleImage|Any CPU.Build.0 = Release|Any CPU
		{5ACB10B1-C06A-4A48-887F-C5E9140580A9}.CD_ROM|Any CPU.ActiveCfg = Release|Any CPU
		{5ACB10B1-C06A-4A48-887F-C5E9140580A9}.CD_ROM|Any CPU.Build.0 = Release|Any CPU
		{5ACB10B1-C06A-4A48-887F-C5E9140580A9}.Debug|Any CPU.ActiveCfg = Debug|Any CPU
		{5ACB10B1-C06A-4A48-887F-C5E9140580A9}.Debug|Any CPU.Build.0 = Debug|Any CPU
		{5ACB10B1-C06A-4A48-887F-C5E9140580A9}.DVD-5|Any CPU.ActiveCfg = Debug|Any CPU
		{5ACB10B1-C06A-4A48-887F-C5E9140580A9}.DVD-5|Any CPU.Build.0 = Debug|Any CPU
		{5ACB10B1-C06A-4A48-887F-C5E9140580A9}.Release|Any CPU.ActiveCfg = Release|Any CPU
		{5ACB10B1-C06A-4A48-887F-C5E9140580A9}.Release|Any CPU.Build.0 = Release|Any CPU
		{5ACB10B1-C06A-4A48-887F-C5E9140580A9}.SingleImage|Any CPU.ActiveCfg = Release|Any CPU
		{5ACB10B1-C06A-4A48-887F-C5E9140580A9}.SingleImage|Any CPU.Build.0 = Release|Any CPU
		{84DABC48-912B-4831-AA25-CFA47D17A336}.CD_ROM|Any CPU.ActiveCfg = CD_ROM
		{84DABC48-912B-4831-AA25-CFA47D17A336}.CD_ROM|Any CPU.Build.0 = CD_ROM
		{84DABC48-912B-4831-AA25-CFA47D17A336}.Debug|Any CPU.ActiveCfg = DVD-5
		{84DABC48-912B-4831-AA25-CFA47D17A336}.Debug|Any CPU.Build.0 = DVD-5
		{84DABC48-912B-4831-AA25-CFA47D17A336}.DVD-5|Any CPU.ActiveCfg = DVD-5
		{84DABC48-912B-4831-AA25-CFA47D17A336}.DVD-5|Any CPU.Build.0 = DVD-5
		{84DABC48-912B-4831-AA25-CFA47D17A336}.Release|Any CPU.ActiveCfg = SingleImage
		{84DABC48-912B-4831-AA25-CFA47D17A336}.Release|Any CPU.Build.0 = SingleImage
		{84DABC48-912B-4831-AA25-CFA47D17A336}.SingleImage|Any CPU.ActiveCfg = SingleImage
		{84DABC48-912B-4831-AA25-CFA47D17A336}.SingleImage|Any CPU.Build.0 = SingleImage
		{E04AADF4-AF18-4C2B-94E5-703BDF624833}.CD_ROM|Any CPU.ActiveCfg = Release|Any CPU
		{E04AADF4-AF18-4C2B-94E5-703BDF624833}.CD_ROM|Any CPU.Build.0 = Release|Any CPU
		{E04AADF4-AF18-4C2B-94E5-703BDF624833}.Debug|Any CPU.ActiveCfg = Debug|Any CPU
		{E04AADF4-AF18-4C2B-94E5-703BDF624833}.Debug|Any CPU.Build.0 = Debug|Any CPU
		{E04AADF4-AF18-4C2B-94E5-703BDF624833}.DVD-5|Any CPU.ActiveCfg = Debug|Any CPU
		{E04AADF4-AF18-4C2B-94E5-703BDF624833}.DVD-5|Any CPU.Build.0 = Debug|Any CPU
		{E04AADF4-AF18-4C2B-94E5-703BDF624833}.Release|Any CPU.ActiveCfg = Release|Any CPU
		{E04AADF4-AF18-4C2B-94E5-703BDF624833}.Release|Any CPU.Build.0 = Release|Any CPU
		{E04AADF4-AF18-4C2B-94E5-703BDF624833}.SingleImage|Any CPU.ActiveCfg = Release|Any CPU
		{E04AADF4-AF18-4C2B-94E5-703BDF624833}.SingleImage|Any CPU.Build.0 = Release|Any CPU
	EndGlobalSection
	GlobalSection(SolutionProperties) = preSolution
		HideSolutionNode = FALSE
	EndGlobalSection
EndGlobal
